<?xml version="1.0" encoding="utf-8"?>
<Project ToolsVersion="4.0" xmlns="http://schemas.microsoft.com/developer/msbuild/2003">
  <ItemGroup>
    <Filter Include="Source files">
      <UniqueIdentifier>{5b705fac-27e4-4313-aa7e-e083fd20909e}</UniqueIdentifier>
      <Extensions>cpp;c;cc;cxx;def;odl;idl;hpj;bat;asm;asmx</Extensions>
    </Filter>
    <Filter Include="Header files">
      <UniqueIdentifier>{27a19177-2bb5-4f87-aae1-49a56b5b33cd}</UniqueIdentifier>
      <Extensions>h;hpp;hxx;hm;inl;inc;xsd</Extensions>
    </Filter>
    <Filter Include="Resource files">
      <UniqueIdentifier>{9217d096-6ada-4b6f-a14b-db618d01ce4e}</UniqueIdentifier>
      <Extensions>rc;ico;cur;bmp;dlg;rc2;rct;bin;rgs;gif;jpg;jpeg;jpe;resx;tiff;tif;png;wav</Extensions>
    </Filter>
    <Filter Include="Source files\Device-specific files">
      <UniqueIdentifier>{d8191b22-3205-4915-b6a8-5fa478fa1d18}</UniqueIdentifier>
    </Filter>
    <Filter Include="Source files\Device-specific files\StdPeriph">
      <UniqueIdentifier>{6ef1f840-f4a6-494b-a38d-9e65d433550c}</UniqueIdentifier>
    </Filter>
    <Filter Include="Header files\Device-specific files">
      <UniqueIdentifier>{f1ec3a49-2f14-4ac9-a0a6-204fdcd9c7cc}</UniqueIdentifier>
    </Filter>
    <Filter Include="Header files\Device-specific files\StdPeriph">
      <UniqueIdentifier>{67dbc4ce-6c55-4cb2-80bb-8f9e7bcf9a3d}</UniqueIdentifier>
    </Filter>
    <Filter Include="VisualGDB settings">
      <UniqueIdentifier>{8337819e-2fed-4202-a589-51b2043998ad}</UniqueIdentifier>
    </Filter>
    <Filter Include="Source files\systemp">
      <UniqueIdentifier>{6bbf4f7d-90cf-4757-99c2-cb3ae0f2be13}</UniqueIdentifier>
    </Filter>
    <Filter Include="Source files\systemp\led">
      <UniqueIdentifier>{02788531-a6e9-4a1b-8637-9ce22f0e61b5}</UniqueIdentifier>
    </Filter>
    <Filter Include="Source files\systemp\delay">
      <UniqueIdentifier>{9b229398-f6b9-4537-b438-2388d0811f0a}</UniqueIdentifier>
    </Filter>
    <Filter Include="Source files\systemp\key">
      <UniqueIdentifier>{8c11cae7-2d21-4003-91c8-d401cd1cc6fa}</UniqueIdentifier>
    </Filter>
    <Filter Include="Source files\systemp\exti">
      <UniqueIdentifier>{76200538-ab6f-4fa8-b2ca-23d64982b856}</UniqueIdentifier>
    </Filter>
    <Filter Include="Source files\systemp\usart">
      <UniqueIdentifier>{0482d015-774b-4ed2-b060-6ec250c33e34}</UniqueIdentifier>
    </Filter>
    <Filter Include="Source files\systemp\timer">
      <UniqueIdentifier>{d1dd4b30-adb0-4df8-99f8-5446a356ae33}</UniqueIdentifier>
    </Filter>
    <Filter Include="Source files\systemp\iic">
      <UniqueIdentifier>{8c549174-0e2d-4e44-b07b-d27727134bb8}</UniqueIdentifier>
    </Filter>
  </ItemGroup>
  <ItemGroup>
    <ClCompile Include="system_stm32f10x.c">
      <Filter>Source files</Filter>
    </ClCompile>
    <None Include="stm32.props">
      <Filter>Source files\Device-specific files</Filter>
    </None>
    <ClCompile Include="$(BSP_ROOT)\STM32F1xxxx\StartupFiles\startup_stm32f103xe.c">
      <Filter>Source files\Device-specific files</Filter>
    </ClCompile>
    <ClCompile Include="$(BSP_ROOT)\STM32F1xxxx\STM32F10x_StdPeriph_Driver\src\misc.c">
      <Filter>Source files\Device-specific files\StdPeriph</Filter>
    </ClCompile>
    <ClCompile Include="$(BSP_ROOT)\STM32F1xxxx\STM32F10x_StdPeriph_Driver\src\stm32f10x_adc.c">
      <Filter>Source files\Device-specific files\StdPeriph</Filter>
    </ClCompile>
    <ClCompile Include="$(BSP_ROOT)\STM32F1xxxx\STM32F10x_StdPeriph_Driver\src\stm32f10x_bkp.c">
      <Filter>Source files\Device-specific files\StdPeriph</Filter>
    </ClCompile>
    <ClCompile Include="$(BSP_ROOT)\STM32F1xxxx\STM32F10x_StdPeriph_Driver\src\stm32f10x_can.c">
      <Filter>Source files\Device-specific files\StdPeriph</Filter>
    </ClCompile>
    <ClCompile Include="$(BSP_ROOT)\STM32F1xxxx\STM32F10x_StdPeriph_Driver\src\stm32f10x_cec.c">
      <Filter>Source files\Device-specific files\StdPeriph</Filter>
    </ClCompile>
    <ClCompile Include="$(BSP_ROOT)\STM32F1xxxx\STM32F10x_StdPeriph_Driver\src\stm32f10x_crc.c">
      <Filter>Source files\Device-specific files\StdPeriph</Filter>
    </ClCompile>
    <ClCompile Include="$(BSP_ROOT)\STM32F1xxxx\STM32F10x_StdPeriph_Driver\src\stm32f10x_dac.c">
      <Filter>Source files\Device-specific files\StdPeriph</Filter>
    </ClCompile>
    <ClCompile Include="$(BSP_ROOT)\STM32F1xxxx\STM32F10x_StdPeriph_Driver\src\stm32f10x_dbgmcu.c">
      <Filter>Source files\Device-specific files\StdPeriph</Filter>
    </ClCompile>
    <ClCompile Include="$(BSP_ROOT)\STM32F1xxxx\STM32F10x_StdPeriph_Driver\src\stm32f10x_dma.c">
      <Filter>Source files\Device-specific files\StdPeriph</Filter>
    </ClCompile>
    <ClCompile Include="$(BSP_ROOT)\STM32F1xxxx\STM32F10x_StdPeriph_Driver\src\stm32f10x_exti.c">
      <Filter>Source files\Device-specific files\StdPeriph</Filter>
    </ClCompile>
    <ClCompile Include="$(BSP_ROOT)\STM32F1xxxx\STM32F10x_StdPeriph_Driver\src\stm32f10x_flash.c">
      <Filter>Source files\Device-specific files\StdPeriph</Filter>
    </ClCompile>
    <ClCompile Include="$(BSP_ROOT)\STM32F1xxxx\STM32F10x_StdPeriph_Driver\src\stm32f10x_fsmc.c">
      <Filter>Source files\Device-specific files\StdPeriph</Filter>
    </ClCompile>
    <ClCompile Include="$(BSP_ROOT)\STM32F1xxxx\STM32F10x_StdPeriph_Driver\src\stm32f10x_gpio.c">
      <Filter>Source files\Device-specific files\StdPeriph</Filter>
    </ClCompile>
    <ClCompile Include="$(BSP_ROOT)\STM32F1xxxx\STM32F10x_StdPeriph_Driver\src\stm32f10x_i2c.c">
      <Filter>Source files\Device-specific files\StdPeriph</Filter>
    </ClCompile>
    <ClCompile Include="$(BSP_ROOT)\STM32F1xxxx\STM32F10x_StdPeriph_Driver\src\stm32f10x_iwdg.c">
      <Filter>Source files\Device-specific files\StdPeriph</Filter>
    </ClCompile>
    <ClCompile Include="$(BSP_ROOT)\STM32F1xxxx\STM32F10x_StdPeriph_Driver\src\stm32f10x_pwr.c">
      <Filter>Source files\Device-specific files\StdPeriph</Filter>
    </ClCompile>
    <ClCompile Include="$(BSP_ROOT)\STM32F1xxxx\STM32F10x_StdPeriph_Driver\src\stm32f10x_rcc.c">
      <Filter>Source files\Device-specific files\StdPeriph</Filter>
    </ClCompile>
    <ClCompile Include="$(BSP_ROOT)\STM32F1xxxx\STM32F10x_StdPeriph_Driver\src\stm32f10x_rtc.c">
      <Filter>Source files\Device-specific files\StdPeriph</Filter>
    </ClCompile>
    <ClCompile Include="$(BSP_ROOT)\STM32F1xxxx\STM32F10x_StdPeriph_Driver\src\stm32f10x_sdio.c">
      <Filter>Source files\Device-specific files\StdPeriph</Filter>
    </ClCompile>
    <ClCompile Include="$(BSP_ROOT)\STM32F1xxxx\STM32F10x_StdPeriph_Driver\src\stm32f10x_spi.c">
      <Filter>Source files\Device-specific files\StdPeriph</Filter>
    </ClCompile>
    <ClCompile Include="$(BSP_ROOT)\STM32F1xxxx\STM32F10x_StdPeriph_Driver\src\stm32f10x_tim.c">
      <Filter>Source files\Device-specific files\StdPeriph</Filter>
    </ClCompile>
    <ClCompile Include="$(BSP_ROOT)\STM32F1xxxx\STM32F10x_StdPeriph_Driver\src\stm32f10x_usart.c">
      <Filter>Source files\Device-specific files\StdPeriph</Filter>
    </ClCompile>
    <ClCompile Include="$(BSP_ROOT)\STM32F1xxxx\STM32F10x_StdPeriph_Driver\src\stm32f10x_wwdg.c">
      <Filter>Source files\Device-specific files\StdPeriph</Filter>
    </ClCompile>
    <ClCompile Include="$(BSP_ROOT)\STM32F1xxxx\CMSIS_StdPeriph\CM3\CoreSupport\core_cm3.c">
      <Filter>Source files\Device-specific files\StdPeriph</Filter>
    </ClCompile>
    <ClInclude Include="$(BSP_ROOT)\STM32F1xxxx\STM32F10x_StdPeriph_Driver\inc\misc.h">
      <Filter>Header files\Device-specific files\StdPeriph</Filter>
    </ClInclude>
    <ClInclude Include="$(BSP_ROOT)\STM32F1xxxx\STM32F10x_StdPeriph_Driver\inc\stm32f10x_adc.h">
      <Filter>Header files\Device-specific files\StdPeriph</Filter>
    </ClInclude>
    <ClInclude Include="$(BSP_ROOT)\STM32F1xxxx\STM32F10x_StdPeriph_Driver\inc\stm32f10x_bkp.h">
      <Filter>Header files\Device-specific files\StdPeriph</Filter>
    </ClInclude>
    <ClInclude Include="$(BSP_ROOT)\STM32F1xxxx\STM32F10x_StdPeriph_Driver\inc\stm32f10x_can.h">
      <Filter>Header files\Device-specific files\StdPeriph</Filter>
    </ClInclude>
    <ClInclude Include="$(BSP_ROOT)\STM32F1xxxx\STM32F10x_StdPeriph_Driver\inc\stm32f10x_cec.h">
      <Filter>Header files\Device-specific files\StdPeriph</Filter>
    </ClInclude>
    <ClInclude Include="$(BSP_ROOT)\STM32F1xxxx\STM32F10x_StdPeriph_Driver\inc\stm32f10x_crc.h">
      <Filter>Header files\Device-specific files\StdPeriph</Filter>
    </ClInclude>
    <ClInclude Include="$(BSP_ROOT)\STM32F1xxxx\STM32F10x_StdPeriph_Driver\inc\stm32f10x_dac.h">
      <Filter>Header files\Device-specific files\StdPeriph</Filter>
    </ClInclude>
    <ClInclude Include="$(BSP_ROOT)\STM32F1xxxx\STM32F10x_StdPeriph_Driver\inc\stm32f10x_dbgmcu.h">
      <Filter>Header files\Device-specific files\StdPeriph</Filter>
    </ClInclude>
    <ClInclude Include="$(BSP_ROOT)\STM32F1xxxx\STM32F10x_StdPeriph_Driver\inc\stm32f10x_dma.h">
      <Filter>Header files\Device-specific files\StdPeriph</Filter>
    </ClInclude>
    <ClInclude Include="$(BSP_ROOT)\STM32F1xxxx\STM32F10x_StdPeriph_Driver\inc\stm32f10x_exti.h">
      <Filter>Header files\Device-specific files\StdPeriph</Filter>
    </ClInclude>
    <ClInclude Include="$(BSP_ROOT)\STM32F1xxxx\STM32F10x_StdPeriph_Driver\inc\stm32f10x_flash.h">
      <Filter>Header files\Device-specific files\StdPeriph</Filter>
    </ClInclude>
    <ClInclude Include="$(BSP_ROOT)\STM32F1xxxx\STM32F10x_StdPeriph_Driver\inc\stm32f10x_fsmc.h">
      <Filter>Header files\Device-specific files\StdPeriph</Filter>
    </ClInclude>
    <ClInclude Include="$(BSP_ROOT)\STM32F1xxxx\STM32F10x_StdPeriph_Driver\inc\stm32f10x_gpio.h">
      <Filter>Header files\Device-specific files\StdPeriph</Filter>
    </ClInclude>
    <ClInclude Include="$(BSP_ROOT)\STM32F1xxxx\STM32F10x_StdPeriph_Driver\inc\stm32f10x_i2c.h">
      <Filter>Header files\Device-specific files\StdPeriph</Filter>
    </ClInclude>
    <ClInclude Include="$(BSP_ROOT)\STM32F1xxxx\STM32F10x_StdPeriph_Driver\inc\stm32f10x_iwdg.h">
      <Filter>Header files\Device-specific files\StdPeriph</Filter>
    </ClInclude>
    <ClInclude Include="$(BSP_ROOT)\STM32F1xxxx\STM32F10x_StdPeriph_Driver\inc\stm32f10x_pwr.h">
      <Filter>Header files\Device-specific files\StdPeriph</Filter>
    </ClInclude>
    <ClInclude Include="$(BSP_ROOT)\STM32F1xxxx\STM32F10x_StdPeriph_Driver\inc\stm32f10x_rcc.h">
      <Filter>Header files\Device-specific files\StdPeriph</Filter>
    </ClInclude>
    <ClInclude Include="$(BSP_ROOT)\STM32F1xxxx\STM32F10x_StdPeriph_Driver\inc\stm32f10x_rtc.h">
      <Filter>Header files\Device-specific files\StdPeriph</Filter>
    </ClInclude>
    <ClInclude Include="$(BSP_ROOT)\STM32F1xxxx\STM32F10x_StdPeriph_Driver\inc\stm32f10x_sdio.h">
      <Filter>Header files\Device-specific files\StdPeriph</Filter>
    </ClInclude>
    <ClInclude Include="$(BSP_ROOT)\STM32F1xxxx\STM32F10x_StdPeriph_Driver\inc\stm32f10x_spi.h">
      <Filter>Header files\Device-specific files\StdPeriph</Filter>
    </ClInclude>
    <ClInclude Include="$(BSP_ROOT)\STM32F1xxxx\STM32F10x_StdPeriph_Driver\inc\stm32f10x_tim.h">
      <Filter>Header files\Device-specific files\StdPeriph</Filter>
    </ClInclude>
    <ClInclude Include="$(BSP_ROOT)\STM32F1xxxx\STM32F10x_StdPeriph_Driver\inc\stm32f10x_usart.h">
      <Filter>Header files\Device-specific files\StdPeriph</Filter>
    </ClInclude>
    <ClInclude Include="$(BSP_ROOT)\STM32F1xxxx\STM32F10x_StdPeriph_Driver\inc\stm32f10x_wwdg.h">
      <Filter>Header files\Device-specific files\StdPeriph</Filter>
    </ClInclude>
    <ClInclude Include="$(BSP_ROOT)\STM32F1xxxx\CMSIS_StdPeriph\CM3\CoreSupport\core_cm3.h">
      <Filter>Header files\Device-specific files\StdPeriph</Filter>
    </ClInclude>
    <ClInclude Include="$(BSP_ROOT)\STM32F1xxxx\CMSIS_StdPeriph\CM3\DeviceSupport\ST\STM32F10x\stm32f10x.h">
      <Filter>Header files\Device-specific files\StdPeriph</Filter>
    </ClInclude>
    <ClInclude Include="$(BSP_ROOT)\STM32F1xxxx\CMSIS_StdPeriph\CM3\DeviceSupport\ST\STM32F10x\system_stm32f10x.h">
      <Filter>Header files\Device-specific files\StdPeriph</Filter>
    </ClInclude>
    <None Include="stm32f103rct6-Debug.vgdbsettings">
      <Filter>VisualGDB settings</Filter>
    </None>
    <None Include="stm32f103rct6-Release.vgdbsettings">
      <Filter>VisualGDB settings</Filter>
    </None>
    <None Include="stm32.xml">
      <Filter>VisualGDB settings</Filter>
    </None>
    <ClCompile Include="main.c">
      <Filter>Source files</Filter>
    </ClCompile>
    <ClCompile Include="systemp\led\led.c">
      <Filter>Source files\systemp\led</Filter>
    </ClCompile>
    <ClCompile Include="systemp\delay\delay.c">
      <Filter>Source files\systemp\delay</Filter>
    </ClCompile>
    <ClCompile Include="systemp\key\key.c">
      <Filter>Source files\systemp\key</Filter>
    </ClCompile>
    <ClCompile Include="systemp\exti\exti.c">
      <Filter>Source files\systemp\exti</Filter>
    </ClCompile>
    <ClCompile Include="systemp\usart\usart.c">
      <Filter>Source files\systemp\usart</Filter>
    </ClCompile>
    <ClCompile Include="systemp\timer\timer.c">
      <Filter>Source files\systemp\timer</Filter>
    </ClCompile>
    <ClCompile Include="systemp\iic\iic.c">
      <Filter>Source files\systemp\iic</Filter>
    </ClCompile>
  </ItemGroup>
  <ItemGroup>
    <ClInclude Include="systemp\delay\delay.h">
      <Filter>Source files\systemp\delay</Filter>
    </ClInclude>
    <ClInclude Include="systemp\exti\exti.h">
      <Filter>Source files\systemp\exti</Filter>
    </ClInclude>
    <ClInclude Include="systemp\key\key.h">
      <Filter>Source files\systemp\key</Filter>
    </ClInclude>
    <ClInclude Include="systemp\led\led.h">
      <Filter>Source files\systemp\led</Filter>
    </ClInclude>
    <ClInclude Include="systemp\timer\timer.h">
      <Filter>Source files\systemp\timer</Filter>
    </ClInclude>
    <ClInclude Include="systemp\usart\usart.h">
      <Filter>Source files\systemp\usart</Filter>
    </ClInclude>
    <ClInclude Include="systemp\iic\iic.h">
      <Filter>Source files\systemp\iic</Filter>
    </ClInclude>
  </ItemGroup>
</Project>